
Microsoft Visual Studio Solution File, Format Version 12.00
# Visual Studio 15
VisualStudioVersion = 15.0.27004.2005
MinimumVisualStudioVersion = 10.0.40219.1
Project("{FAE04EC0-301F-11D3-BF4B-00C04F79EFBC}") = "CarAppDBFirst", "CarAppDBFirst\CarAppDBFirst.csproj", "{8D46CF14-7773-4C8D-B514-E11339BC8E5C}"
EndProject
Global
	GlobalSection(SolutionConfigurationPlatforms) = preSolution
		Debug|Any CPU = Debug|Any CPU
		Release|Any CPU = Release|Any CPU
	EndGlobalSection
	GlobalSection(ProjectConfigurationPlatforms) = postSolution
		{8D46CF14-7773-4C8D-B514-E11339BC8E5C}.Debug|Any CPU.ActiveCfg = Debug|Any CPU
		{8D46CF14-7773-4C8D-B514-E11339BC8E5C}.Debug|Any CPU.Build.0 = Debug|Any CPU
		{8D46CF14-7773-4C8D-B514-E11339BC8E5C}.Release|Any CPU.ActiveCfg = Release|Any CPU
		{8D46CF14-7773-4C8D-B514-E11339BC8E5C}.Release|Any CPU.Build.0 = Release|Any CPU
	EndGlobalSection
	GlobalSection(SolutionProperties) = preSolution
		HideSolutionNode = FALSE
	EndGlobalSection
	GlobalSection(ExtensibilityGlobals) = postSolution
		SolutionGuid = {FE589531-D5B3-4649-84AE-376448F80FBD}
	EndGlobalSection
EndGlobal
